
Microsoft Visual Studio Solution File, Format Version 12.00
# Visual Studio Version 17
VisualStudioVersion = 17.7.34202.233
MinimumVisualStudioVersion = 10.0.40219.1
Project("{FAE04EC0-301F-11D3-BF4B-00C04F79EFBC}") = "project01", "project01\project01.csproj", "{84864028-0C94-469A-9D84-245838A184D7}"
EndProject
Project("{FAE04EC0-301F-11D3-BF4B-00C04F79EFBC}") = "project02", "project02\project02.csproj", "{EEF870FB-EDDC-41B8-94B0-E3491A46E2F5}"
EndProject
Global
	GlobalSection(SolutionConfigurationPlatforms) = preSolution
		Debug|Any CPU = Debug|Any CPU
		Release|Any CPU = Release|Any CPU
	EndGlobalSection
	GlobalSection(ProjectConfigurationPlatforms) = postSolution
		{84864028-0C94-469A-9D84-245838A184D7}.Debug|Any CPU.ActiveCfg = Debug|Any CPU
		{84864028-0C94-469A-9D84-245838A184D7}.Debug|Any CPU.Build.0 = Debug|Any CPU
		{84864028-0C94-469A-9D84-245838A184D7}.Release|Any CPU.ActiveCfg = Release|Any CPU
		{84864028-0C94-469A-9D84-245838A184D7}.Release|Any CPU.Build.0 = Release|Any CPU
		{EEF870FB-EDDC-41B8-94B0-E3491A46E2F5}.Debug|Any CPU.ActiveCfg = Debug|Any CPU
		{EEF870FB-EDDC-41B8-94B0-E3491A46E2F5}.Debug|Any CPU.Build.0 = Debug|Any CPU
		{EEF870FB-EDDC-41B8-94B0-E3491A46E2F5}.Release|Any CPU.ActiveCfg = Release|Any CPU
		{EEF870FB-EDDC-41B8-94B0-E3491A46E2F5}.Release|Any CPU.Build.0 = Release|Any CPU
	EndGlobalSection
	GlobalSection(SolutionProperties) = preSolution
		HideSolutionNode = FALSE
	EndGlobalSection
	GlobalSection(ExtensibilityGlobals) = postSolution
		SolutionGuid = {49B7B2EB-B247-42E3-9B9F-A5556D933410}
	EndGlobalSection
EndGlobal
